
Microsoft Visual Studio Solution File, Format Version 12.00
# Visual Studio Version 17
VisualStudioVersion = 17.9.34728.123
MinimumVisualStudioVersion = 10.0.40219.1
Project("{FAE04EC0-301F-11D3-BF4B-00C04F79EFBC}") = "5by5_VetorDeNumeros", "5by5_VetorDeNumeros\5by5_VetorDeNumeros.csproj", "{BD10A5ED-C4FC-4FCD-B4D6-E50DCE71E478}"
EndProject
Global
	GlobalSection(SolutionConfigurationPlatforms) = preSolution
		Debug|Any CPU = Debug|Any CPU
		Release|Any CPU = Release|Any CPU
	EndGlobalSection
	GlobalSection(ProjectConfigurationPlatforms) = postSolution
		{BD10A5ED-C4FC-4FCD-B4D6-E50DCE71E478}.Debug|Any CPU.ActiveCfg = Debug|Any CPU
		{BD10A5ED-C4FC-4FCD-B4D6-E50DCE71E478}.Debug|Any CPU.Build.0 = Debug|Any CPU
		{BD10A5ED-C4FC-4FCD-B4D6-E50DCE71E478}.Release|Any CPU.ActiveCfg = Release|Any CPU
		{BD10A5ED-C4FC-4FCD-B4D6-E50DCE71E478}.Release|Any CPU.Build.0 = Release|Any CPU
	EndGlobalSection
	GlobalSection(SolutionProperties) = preSolution
		HideSolutionNode = FALSE
	EndGlobalSection
	GlobalSection(ExtensibilityGlobals) = postSolution
		SolutionGuid = {9F380026-AE3B-405B-95E7-065EC8550713}
	EndGlobalSection
EndGlobal
